{
  "name": "thirumathi_kart",
  "lockfileVersion": 3,
  "requires": true,
  "packages": {
    "": {
      "dependencies": {
        "@fontsource/josefin-sans": "^5.2.6"
      }
    },
    "node_modules/@fontsource/josefin-sans": {
      "version": "5.2.6",
      "resolved": "https://registry.npmjs.org/@fontsource/josefin-sans/-/josefin-sans-5.2.6.tgz",
      "integrity": "sha512-VNbrLNlkTXtb9IW5tFU2Wc1TpIGr2uizz7GLorJxwiJ9sfqM1FZC+T9XM2QLhwUp4QdzKbR8Z0/fJlj7pc8MjQ==",
      "license": "OFL-1.1",
      "funding": {
        "url": "https://github.com/sponsors/ayuhito"
      }
    }
  }
}
